{
  "name": "@german-vorobyev/ajs-nodejs",
  "version": "1.0.0",
  "lockfileVersion": 1,
  "requires": true,
  "dependencies": {
    "@german-vorobyev/ajs": {
      "version": "1.0.2",
      "resolved": "https://npm.pkg.github.com/download/@german-vorobyev/ajs/1.0.2/c3d72fb237cc83254b9698d01f145f4c65fb451d429291df99c60d4de6440658",
      "integrity": "sha512-3AymC9475k5EWgMyfFmgbIp13oYxo3bZjNYud5Z2q1kouqC7Xk/07WUDqmY0vJEu371I8h37ENqFiX78zTa0Pw=="
    }
  }
}
